
Microsoft Visual Studio Solution File, Format Version 12.00
# Visual Studio Version 17
VisualStudioVersion = 17.3.32929.385
MinimumVisualStudioVersion = 10.0.40219.1
Project("{9A19103F-16F7-4668-BE54-9A1E7A4F7556}") = "01_IntroToWinForm", "01_IntroToWinForm\01_IntroToWinForm.csproj", "{DC47C1E3-525A-4644-B840-B8835EC22A2A}"
EndProject
Project("{9A19103F-16F7-4668-BE54-9A1E7A4F7556}") = "02_BaseControls_Buttons", "02_BaseControls_Buttons\02_BaseControls_Buttons.csproj", "{2EBDF5E5-9ECB-4FF4-B698-57DC390C1601}"
EndProject
Project("{9A19103F-16F7-4668-BE54-9A1E7A4F7556}") = "03_EnabledButton", "03_EnabledButton\03_EnabledButton.csproj", "{F6C8BC01-772C-4F2B-B31D-C53840F2448F}"
EndProject
Project("{9A19103F-16F7-4668-BE54-9A1E7A4F7556}") = "04_ControlsToolTip", "04_ControlsToolTip\04_ControlsToolTip.csproj", "{DD5BFBDC-B35B-45CD-A0F7-6BFE525168E5}"
EndProject
Project("{9A19103F-16F7-4668-BE54-9A1E7A4F7556}") = "05_ProgressBar", "05_ProgressBar\05_ProgressBar.csproj", "{1E84CC04-263F-44BF-BAFC-EEE46855B5B7}"
EndProject
Project("{9A19103F-16F7-4668-BE54-9A1E7A4F7556}") = "06_ProgressBar2", "06_ProgressBar2\06_ProgressBar2.csproj", "{CA7E0066-8BE9-4E4F-804A-1F371E501307}"
EndProject
Project("{9A19103F-16F7-4668-BE54-9A1E7A4F7556}") = "07_Lists", "07_Lists\07_Lists.csproj", "{46BFA49B-BEFD-4ACF-80B1-5EC5F9B2105B}"
EndProject
Project("{9A19103F-16F7-4668-BE54-9A1E7A4F7556}") = "08_AdditionalForms", "08_AdditionalForms\08_AdditionalForms.csproj", "{3CFD6295-5EA0-4EF6-AA40-8665B5CD1D1C}"
EndProject
Project("{9A19103F-16F7-4668-BE54-9A1E7A4F7556}") = "09_StandartDialogs", "09_StandartDialogs\09_StandartDialogs.csproj", "{F00C356D-F946-4763-8F23-1656BB0D7549}"
EndProject
Project("{9A19103F-16F7-4668-BE54-9A1E7A4F7556}") = "10_RichTextBox", "10_RichTextBox\10_RichTextBox.csproj", "{A97AA90F-4240-4C71-B6AA-538D781250B7}"
EndProject
Project("{9A19103F-16F7-4668-BE54-9A1E7A4F7556}") = "11_ListView_TreeView", "11_ListView_TreeView\11_ListView_TreeView.csproj", "{A3C620CB-429A-43F0-9152-00AC1F5F1837}"
EndProject
Project("{FAE04EC0-301F-11D3-BF4B-00C04F79EFBC}") = "11_2_TreeView", "11_2_TreeView\11_2_TreeView.csproj", "{AB70F1C8-30FB-46C5-94B0-08402EBBC1AF}"
EndProject
Global
	GlobalSection(SolutionConfigurationPlatforms) = preSolution
		Debug|Any CPU = Debug|Any CPU
		Debug|x64 = Debug|x64
		Debug|x86 = Debug|x86
		Release|Any CPU = Release|Any CPU
		Release|x64 = Release|x64
		Release|x86 = Release|x86
	EndGlobalSection
	GlobalSection(ProjectConfigurationPlatforms) = postSolution
		{DC47C1E3-525A-4644-B840-B8835EC22A2A}.Debug|Any CPU.ActiveCfg = Debug|Any CPU
		{DC47C1E3-525A-4644-B840-B8835EC22A2A}.Debug|Any CPU.Build.0 = Debug|Any CPU
		{DC47C1E3-525A-4644-B840-B8835EC22A2A}.Debug|x64.ActiveCfg = Debug|Any CPU
		{DC47C1E3-525A-4644-B840-B8835EC22A2A}.Debug|x64.Build.0 = Debug|Any CPU
		{DC47C1E3-525A-4644-B840-B8835EC22A2A}.Debug|x86.ActiveCfg = Debug|Any CPU
		{DC47C1E3-525A-4644-B840-B8835EC22A2A}.Debug|x86.Build.0 = Debug|Any CPU
		{DC47C1E3-525A-4644-B840-B8835EC22A2A}.Release|Any CPU.ActiveCfg = Release|Any CPU
		{DC47C1E3-525A-4644-B840-B8835EC22A2A}.Release|Any CPU.Build.0 = Release|Any CPU
		{DC47C1E3-525A-4644-B840-B8835EC22A2A}.Release|x64.ActiveCfg = Release|Any CPU
		{DC47C1E3-525A-4644-B840-B8835EC22A2A}.Release|x64.Build.0 = Release|Any CPU
		{DC47C1E3-525A-4644-B840-B8835EC22A2A}.Release|x86.ActiveCfg = Release|Any CPU
		{DC47C1E3-525A-4644-B840-B8835EC22A2A}.Release|x86.Build.0 = Release|Any CPU
		{2EBDF5E5-9ECB-4FF4-B698-57DC390C1601}.Debug|Any CPU.ActiveCfg = Debug|Any CPU
		{2EBDF5E5-9ECB-4FF4-B698-57DC390C1601}.Debug|Any CPU.Build.0 = Debug|Any CPU
		{2EBDF5E5-9ECB-4FF4-B698-57DC390C1601}.Debug|x64.ActiveCfg = Debug|Any CPU
		{2EBDF5E5-9ECB-4FF4-B698-57DC390C1601}.Debug|x64.Build.0 = Debug|Any CPU
		{2EBDF5E5-9ECB-4FF4-B698-57DC390C1601}.Debug|x86.ActiveCfg = Debug|Any CPU
		{2EBDF5E5-9ECB-4FF4-B698-57DC390C1601}.Debug|x86.Build.0 = Debug|Any CPU
		{2EBDF5E5-9ECB-4FF4-B698-57DC390C1601}.Release|Any CPU.ActiveCfg = Release|Any CPU
		{2EBDF5E5-9ECB-4FF4-B698-57DC390C1601}.Release|Any CPU.Build.0 = Release|Any CPU
		{2EBDF5E5-9ECB-4FF4-B698-57DC390C1601}.Release|x64.ActiveCfg = Release|Any CPU
		{2EBDF5E5-9ECB-4FF4-B698-57DC390C1601}.Release|x64.Build.0 = Release|Any CPU
		{2EBDF5E5-9ECB-4FF4-B698-57DC390C1601}.Release|x86.ActiveCfg = Release|Any CPU
		{2EBDF5E5-9ECB-4FF4-B698-57DC390C1601}.Release|x86.Build.0 = Release|Any CPU
		{F6C8BC01-772C-4F2B-B31D-C53840F2448F}.Debug|Any CPU.ActiveCfg = Debug|Any CPU
		{F6C8BC01-772C-4F2B-B31D-C53840F2448F}.Debug|Any CPU.Build.0 = Debug|Any CPU
		{F6C8BC01-772C-4F2B-B31D-C53840F2448F}.Debug|x64.ActiveCfg = Debug|Any CPU
		{F6C8BC01-772C-4F2B-B31D-C53840F2448F}.Debug|x64.Build.0 = Debug|Any CPU
		{F6C8BC01-772C-4F2B-B31D-C53840F2448F}.Debug|x86.ActiveCfg = Debug|Any CPU
		{F6C8BC01-772C-4F2B-B31D-C53840F2448F}.Debug|x86.Build.0 = Debug|Any CPU
		{F6C8BC01-772C-4F2B-B31D-C53840F2448F}.Release|Any CPU.ActiveCfg = Release|Any CPU
		{F6C8BC01-772C-4F2B-B31D-C53840F2448F}.Release|Any CPU.Build.0 = Release|Any CPU
		{F6C8BC01-772C-4F2B-B31D-C53840F2448F}.Release|x64.ActiveCfg = Release|Any CPU
		{F6C8BC01-772C-4F2B-B31D-C53840F2448F}.Release|x64.Build.0 = Release|Any CPU
		{F6C8BC01-772C-4F2B-B31D-C53840F2448F}.Release|x86.ActiveCfg = Release|Any CPU
		{F6C8BC01-772C-4F2B-B31D-C53840F2448F}.Release|x86.Build.0 = Release|Any CPU
		{DD5BFBDC-B35B-45CD-A0F7-6BFE525168E5}.Debug|Any CPU.ActiveCfg = Debug|Any CPU
		{DD5BFBDC-B35B-45CD-A0F7-6BFE525168E5}.Debug|Any CPU.Build.0 = Debug|Any CPU
		{DD5BFBDC-B35B-45CD-A0F7-6BFE525168E5}.Debug|x64.ActiveCfg = Debug|Any CPU
		{DD5BFBDC-B35B-45CD-A0F7-6BFE525168E5}.Debug|x64.Build.0 = Debug|Any CPU
		{DD5BFBDC-B35B-45CD-A0F7-6BFE525168E5}.Debug|x86.ActiveCfg = Debug|Any CPU
		{DD5BFBDC-B35B-45CD-A0F7-6BFE525168E5}.Debug|x86.Build.0 = Debug|Any CPU
		{DD5BFBDC-B35B-45CD-A0F7-6BFE525168E5}.Release|Any CPU.ActiveCfg = Release|Any CPU
		{DD5BFBDC-B35B-45CD-A0F7-6BFE525168E5}.Release|Any CPU.Build.0 = Release|Any CPU
		{DD5BFBDC-B35B-45CD-A0F7-6BFE525168E5}.Release|x64.ActiveCfg = Release|Any CPU
		{DD5BFBDC-B35B-45CD-A0F7-6BFE525168E5}.Release|x64.Build.0 = Release|Any CPU
		{DD5BFBDC-B35B-45CD-A0F7-6BFE525168E5}.Release|x86.ActiveCfg = Release|Any CPU
		{DD5BFBDC-B35B-45CD-A0F7-6BFE525168E5}.Release|x86.Build.0 = Release|Any CPU
		{1E84CC04-263F-44BF-BAFC-EEE46855B5B7}.Debug|Any CPU.ActiveCfg = Debug|Any CPU
		{1E84CC04-263F-44BF-BAFC-EEE46855B5B7}.Debug|Any CPU.Build.0 = Debug|Any CPU
		{1E84CC04-263F-44BF-BAFC-EEE46855B5B7}.Debug|x64.ActiveCfg = Debug|Any CPU
		{1E84CC04-263F-44BF-BAFC-EEE46855B5B7}.Debug|x64.Build.0 = Debug|Any CPU
		{1E84CC04-263F-44BF-BAFC-EEE46855B5B7}.Debug|x86.ActiveCfg = Debug|Any CPU
		{1E84CC04-263F-44BF-BAFC-EEE46855B5B7}.Debug|x86.Build.0 = Debug|Any CPU
		{1E84CC04-263F-44BF-BAFC-EEE46855B5B7}.Release|Any CPU.ActiveCfg = Release|Any CPU
		{1E84CC04-263F-44BF-BAFC-EEE46855B5B7}.Release|Any CPU.Build.0 = Release|Any CPU
		{1E84CC04-263F-44BF-BAFC-EEE46855B5B7}.Release|x64.ActiveCfg = Release|Any CPU
		{1E84CC04-263F-44BF-BAFC-EEE46855B5B7}.Release|x64.Build.0 = Release|Any CPU
		{1E84CC04-263F-44BF-BAFC-EEE46855B5B7}.Release|x86.ActiveCfg = Release|Any CPU
		{1E84CC04-263F-44BF-BAFC-EEE46855B5B7}.Release|x86.Build.0 = Release|Any CPU
		{CA7E0066-8BE9-4E4F-804A-1F371E501307}.Debug|Any CPU.ActiveCfg = Debug|Any CPU
		{CA7E0066-8BE9-4E4F-804A-1F371E501307}.Debug|Any CPU.Build.0 = Debug|Any CPU
		{CA7E0066-8BE9-4E4F-804A-1F371E501307}.Debug|x64.ActiveCfg = Debug|Any CPU
		{CA7E0066-8BE9-4E4F-804A-1F371E501307}.Debug|x64.Build.0 = Debug|Any CPU
		{CA7E0066-8BE9-4E4F-804A-1F371E501307}.Debug|x86.ActiveCfg = Debug|Any CPU
		{CA7E0066-8BE9-4E4F-804A-1F371E501307}.Debug|x86.Build.0 = Debug|Any CPU
		{CA7E0066-8BE9-4E4F-804A-1F371E501307}.Release|Any CPU.ActiveCfg = Release|Any CPU
		{CA7E0066-8BE9-4E4F-804A-1F371E501307}.Release|Any CPU.Build.0 = Release|Any CPU
		{CA7E0066-8BE9-4E4F-804A-1F371E501307}.Release|x64.ActiveCfg = Release|Any CPU
		{CA7E0066-8BE9-4E4F-804A-1F371E501307}.Release|x64.Build.0 = Release|Any CPU
		{CA7E0066-8BE9-4E4F-804A-1F371E501307}.Release|x86.ActiveCfg = Release|Any CPU
		{CA7E0066-8BE9-4E4F-804A-1F371E501307}.Release|x86.Build.0 = Release|Any CPU
		{46BFA49B-BEFD-4ACF-80B1-5EC5F9B2105B}.Debug|Any CPU.ActiveCfg = Debug|Any CPU
		{46BFA49B-BEFD-4ACF-80B1-5EC5F9B2105B}.Debug|Any CPU.Build.0 = Debug|Any CPU
		{46BFA49B-BEFD-4ACF-80B1-5EC5F9B2105B}.Debug|x64.ActiveCfg = Debug|Any CPU
		{46BFA49B-BEFD-4ACF-80B1-5EC5F9B2105B}.Debug|x64.Build.0 = Debug|Any CPU
		{46BFA49B-BEFD-4ACF-80B1-5EC5F9B2105B}.Debug|x86.ActiveCfg = Debug|Any CPU
		{46BFA49B-BEFD-4ACF-80B1-5EC5F9B2105B}.Debug|x86.Build.0 = Debug|Any CPU
		{46BFA49B-BEFD-4ACF-80B1-5EC5F9B2105B}.Release|Any CPU.ActiveCfg = Release|Any CPU
		{46BFA49B-BEFD-4ACF-80B1-5EC5F9B2105B}.Release|Any CPU.Build.0 = Release|Any CPU
		{46BFA49B-BEFD-4ACF-80B1-5EC5F9B2105B}.Release|x64.ActiveCfg = Release|Any CPU
		{46BFA49B-BEFD-4ACF-80B1-5EC5F9B2105B}.Release|x64.Build.0 = Release|Any CPU
		{46BFA49B-BEFD-4ACF-80B1-5EC5F9B2105B}.Release|x86.ActiveCfg = Release|Any CPU
		{46BFA49B-BEFD-4ACF-80B1-5EC5F9B2105B}.Release|x86.Build.0 = Release|Any CPU
		{3CFD6295-5EA0-4EF6-AA40-8665B5CD1D1C}.Debug|Any CPU.ActiveCfg = Debug|Any CPU
		{3CFD6295-5EA0-4EF6-AA40-8665B5CD1D1C}.Debug|Any CPU.Build.0 = Debug|Any CPU
		{3CFD6295-5EA0-4EF6-AA40-8665B5CD1D1C}.Debug|x64.ActiveCfg = Debug|Any CPU
		{3CFD6295-5EA0-4EF6-AA40-8665B5CD1D1C}.Debug|x64.Build.0 = Debug|Any CPU
		{3CFD6295-5EA0-4EF6-AA40-8665B5CD1D1C}.Debug|x86.ActiveCfg = Debug|Any CPU
		{3CFD6295-5EA0-4EF6-AA40-8665B5CD1D1C}.Debug|x86.Build.0 = Debug|Any CPU
		{3CFD6295-5EA0-4EF6-AA40-8665B5CD1D1C}.Release|Any CPU.ActiveCfg = Release|Any CPU
		{3CFD6295-5EA0-4EF6-AA40-8665B5CD1D1C}.Release|Any CPU.Build.0 = Release|Any CPU
		{3CFD6295-5EA0-4EF6-AA40-8665B5CD1D1C}.Release|x64.ActiveCfg = Release|Any CPU
		{3CFD6295-5EA0-4EF6-AA40-8665B5CD1D1C}.Release|x64.Build.0 = Release|Any CPU
		{3CFD6295-5EA0-4EF6-AA40-8665B5CD1D1C}.Release|x86.ActiveCfg = Release|Any CPU
		{3CFD6295-5EA0-4EF6-AA40-8665B5CD1D1C}.Release|x86.Build.0 = Release|Any CPU
		{F00C356D-F946-4763-8F23-1656BB0D7549}.Debug|Any CPU.ActiveCfg = Debug|Any CPU
		{F00C356D-F946-4763-8F23-1656BB0D7549}.Debug|Any CPU.Build.0 = Debug|Any CPU
		{F00C356D-F946-4763-8F23-1656BB0D7549}.Debug|x64.ActiveCfg = Debug|Any CPU
		{F00C356D-F946-4763-8F23-1656BB0D7549}.Debug|x64.Build.0 = Debug|Any CPU
		{F00C356D-F946-4763-8F23-1656BB0D7549}.Debug|x86.ActiveCfg = Debug|Any CPU
		{F00C356D-F946-4763-8F23-1656BB0D7549}.Debug|x86.Build.0 = Debug|Any CPU
		{F00C356D-F946-4763-8F23-1656BB0D7549}.Release|Any CPU.ActiveCfg = Release|Any CPU
		{F00C356D-F946-4763-8F23-1656BB0D7549}.Release|Any CPU.Build.0 = Release|Any CPU
		{F00C356D-F946-4763-8F23-1656BB0D7549}.Release|x64.ActiveCfg = Release|Any CPU
		{F00C356D-F946-4763-8F23-1656BB0D7549}.Release|x64.Build.0 = Release|Any CPU
		{F00C356D-F946-4763-8F23-1656BB0D7549}.Release|x86.ActiveCfg = Release|Any CPU
		{F00C356D-F946-4763-8F23-1656BB0D7549}.Release|x86.Build.0 = Release|Any CPU
		{A97AA90F-4240-4C71-B6AA-538D781250B7}.Debug|Any CPU.ActiveCfg = Debug|Any CPU
		{A97AA90F-4240-4C71-B6AA-538D781250B7}.Debug|Any CPU.Build.0 = Debug|Any CPU
		{A97AA90F-4240-4C71-B6AA-538D781250B7}.Debug|x64.ActiveCfg = Debug|Any CPU
		{A97AA90F-4240-4C71-B6AA-538D781250B7}.Debug|x64.Build.0 = Debug|Any CPU
		{A97AA90F-4240-4C71-B6AA-538D781250B7}.Debug|x86.ActiveCfg = Debug|Any CPU
		{A97AA90F-4240-4C71-B6AA-538D781250B7}.Debug|x86.Build.0 = Debug|Any CPU
		{A97AA90F-4240-4C71-B6AA-538D781250B7}.Release|Any CPU.ActiveCfg = Release|Any CPU
		{A97AA90F-4240-4C71-B6AA-538D781250B7}.Release|Any CPU.Build.0 = Release|Any CPU
		{A97AA90F-4240-4C71-B6AA-538D781250B7}.Release|x64.ActiveCfg = Release|Any CPU
		{A97AA90F-4240-4C71-B6AA-538D781250B7}.Release|x64.Build.0 = Release|Any CPU
		{A97AA90F-4240-4C71-B6AA-538D781250B7}.Release|x86.ActiveCfg = Release|Any CPU
		{A97AA90F-4240-4C71-B6AA-538D781250B7}.Release|x86.Build.0 = Release|Any CPU
		{A3C620CB-429A-43F0-9152-00AC1F5F1837}.Debug|Any CPU.ActiveCfg = Debug|Any CPU
		{A3C620CB-429A-43F0-9152-00AC1F5F1837}.Debug|Any CPU.Build.0 = Debug|Any CPU
		{A3C620CB-429A-43F0-9152-00AC1F5F1837}.Debug|x64.ActiveCfg = Debug|Any CPU
		{A3C620CB-429A-43F0-9152-00AC1F5F1837}.Debug|x64.Build.0 = Debug|Any CPU
		{A3C620CB-429A-43F0-9152-00AC1F5F1837}.Debug|x86.ActiveCfg = Debug|Any CPU
		{A3C620CB-429A-43F0-9152-00AC1F5F1837}.Debug|x86.Build.0 = Debug|Any CPU
		{A3C620CB-429A-43F0-9152-00AC1F5F1837}.Release|Any CPU.ActiveCfg = Release|Any CPU
		{A3C620CB-429A-43F0-9152-00AC1F5F1837}.Release|Any CPU.Build.0 = Release|Any CPU
		{A3C620CB-429A-43F0-9152-00AC1F5F1837}.Release|x64.ActiveCfg = Release|Any CPU
		{A3C620CB-429A-43F0-9152-00AC1F5F1837}.Release|x64.Build.0 = Release|Any CPU
		{A3C620CB-429A-43F0-9152-00AC1F5F1837}.Release|x86.ActiveCfg = Release|Any CPU
		{A3C620CB-429A-43F0-9152-00AC1F5F1837}.Release|x86.Build.0 = Release|Any CPU
		{AB70F1C8-30FB-46C5-94B0-08402EBBC1AF}.Debug|Any CPU.ActiveCfg = Debug|Any CPU
		{AB70F1C8-30FB-46C5-94B0-08402EBBC1AF}.Debug|Any CPU.Build.0 = Debug|Any CPU
		{AB70F1C8-30FB-46C5-94B0-08402EBBC1AF}.Debug|x64.ActiveCfg = Debug|Any CPU
		{AB70F1C8-30FB-46C5-94B0-08402EBBC1AF}.Debug|x64.Build.0 = Debug|Any CPU
		{AB70F1C8-30FB-46C5-94B0-08402EBBC1AF}.Debug|x86.ActiveCfg = Debug|Any CPU
		{AB70F1C8-30FB-46C5-94B0-08402EBBC1AF}.Debug|x86.Build.0 = Debug|Any CPU
		{AB70F1C8-30FB-46C5-94B0-08402EBBC1AF}.Release|Any CPU.ActiveCfg = Release|Any CPU
		{AB70F1C8-30FB-46C5-94B0-08402EBBC1AF}.Release|Any CPU.Build.0 = Release|Any CPU
		{AB70F1C8-30FB-46C5-94B0-08402EBBC1AF}.Release|x64.ActiveCfg = Release|Any CPU
		{AB70F1C8-30FB-46C5-94B0-08402EBBC1AF}.Release|x64.Build.0 = Release|Any CPU
		{AB70F1C8-30FB-46C5-94B0-08402EBBC1AF}.Release|x86.ActiveCfg = Release|Any CPU
		{AB70F1C8-30FB-46C5-94B0-08402EBBC1AF}.Release|x86.Build.0 = Release|Any CPU
	EndGlobalSection
	GlobalSection(SolutionProperties) = preSolution
		HideSolutionNode = FALSE
	EndGlobalSection
	GlobalSection(ExtensibilityGlobals) = postSolution
		SolutionGuid = {F0357DBB-27AE-4962-819D-C2AFCC91D74C}
	EndGlobalSection
EndGlobal
